
Microsoft Visual Studio Solution File, Format Version 12.00
# Visual Studio Version 16
VisualStudioVersion = 16.0.30517.126
MinimumVisualStudioVersion = 10.0.40219.1
Project("{FAE04EC0-301F-11D3-BF4B-00C04F79EFBC}") = "MusicAnalyser", "MusicAnalyser\MusicAnalyser.csproj", "{C66B04A7-1C7A-451D-9BEC-8FE52847869B}"
EndProject
Project("{9A19103F-16F7-4668-BE54-9A1E7A4F7556}") = "MusicAnalyser.UnitTests", "MusicAnalyser.UnitTests\MusicAnalyser.UnitTests.csproj", "{67677509-6330-4F73-913E-134393DDABC1}"
EndProject
Global
	GlobalSection(SolutionConfigurationPlatforms) = preSolution
		Debug|Any CPU = Debug|Any CPU
		Debug|x64 = Debug|x64
		Debug|x86 = Debug|x86
		Release|Any CPU = Release|Any CPU
		Release|x64 = Release|x64
		Release|x86 = Release|x86
	EndGlobalSection
	GlobalSection(ProjectConfigurationPlatforms) = postSolution
		{C66B04A7-1C7A-451D-9BEC-8FE52847869B}.Debug|Any CPU.ActiveCfg = Debug|Any CPU
		{C66B04A7-1C7A-451D-9BEC-8FE52847869B}.Debug|Any CPU.Build.0 = Debug|Any CPU
		{C66B04A7-1C7A-451D-9BEC-8FE52847869B}.Debug|x64.ActiveCfg = Debug|x64
		{C66B04A7-1C7A-451D-9BEC-8FE52847869B}.Debug|x64.Build.0 = Debug|x64
		{C66B04A7-1C7A-451D-9BEC-8FE52847869B}.Debug|x86.ActiveCfg = Debug|Any CPU
		{C66B04A7-1C7A-451D-9BEC-8FE52847869B}.Debug|x86.Build.0 = Debug|Any CPU
		{C66B04A7-1C7A-451D-9BEC-8FE52847869B}.Release|Any CPU.ActiveCfg = Release|Any CPU
		{C66B04A7-1C7A-451D-9BEC-8FE52847869B}.Release|Any CPU.Build.0 = Release|Any CPU
		{C66B04A7-1C7A-451D-9BEC-8FE52847869B}.Release|x64.ActiveCfg = Release|x64
		{C66B04A7-1C7A-451D-9BEC-8FE52847869B}.Release|x64.Build.0 = Release|x64
		{C66B04A7-1C7A-451D-9BEC-8FE52847869B}.Release|x86.ActiveCfg = Release|x86
		{C66B04A7-1C7A-451D-9BEC-8FE52847869B}.Release|x86.Build.0 = Release|x86
		{67677509-6330-4F73-913E-134393DDABC1}.Debug|Any CPU.ActiveCfg = Debug|Any CPU
		{67677509-6330-4F73-913E-134393DDABC1}.Debug|Any CPU.Build.0 = Debug|Any CPU
		{67677509-6330-4F73-913E-134393DDABC1}.Debug|x64.ActiveCfg = Debug|Any CPU
		{67677509-6330-4F73-913E-134393DDABC1}.Debug|x64.Build.0 = Debug|Any CPU
		{67677509-6330-4F73-913E-134393DDABC1}.Debug|x86.ActiveCfg = Debug|Any CPU
		{67677509-6330-4F73-913E-134393DDABC1}.Debug|x86.Build.0 = Debug|Any CPU
		{67677509-6330-4F73-913E-134393DDABC1}.Release|Any CPU.ActiveCfg = Release|Any CPU
		{67677509-6330-4F73-913E-134393DDABC1}.Release|Any CPU.Build.0 = Release|Any CPU
		{67677509-6330-4F73-913E-134393DDABC1}.Release|x64.ActiveCfg = Release|Any CPU
		{67677509-6330-4F73-913E-134393DDABC1}.Release|x64.Build.0 = Release|Any CPU
		{67677509-6330-4F73-913E-134393DDABC1}.Release|x86.ActiveCfg = Release|Any CPU
		{67677509-6330-4F73-913E-134393DDABC1}.Release|x86.Build.0 = Release|Any CPU
	EndGlobalSection
	GlobalSection(SolutionProperties) = preSolution
		HideSolutionNode = FALSE
	EndGlobalSection
	GlobalSection(ExtensibilityGlobals) = postSolution
		SolutionGuid = {A69B4FDD-9D82-463B-9F5D-D001CF7BFA5A}
	EndGlobalSection
EndGlobal
